
Microsoft Visual Studio Solution File, Format Version 12.00
# Visual Studio Version 16
VisualStudioVersion = 16.0.32413.511
MinimumVisualStudioVersion = 10.0.40219.1
Project("{FAE04EC0-301F-11D3-BF4B-00C04F79EFBC}") = "MarketoWatchStore", "MarketoWatchStore\MarketoWatchStore.csproj", "{FA4378C1-D0CA-4940-A223-4E50ECC93276}"
EndProject
Global
	GlobalSection(SolutionConfigurationPlatforms) = preSolution
		Debug|Any CPU = Debug|Any CPU
		Release|Any CPU = Release|Any CPU
	EndGlobalSection
	GlobalSection(ProjectConfigurationPlatforms) = postSolution
		{FA4378C1-D0CA-4940-A223-4E50ECC93276}.Debug|Any CPU.ActiveCfg = Debug|Any CPU
		{FA4378C1-D0CA-4940-A223-4E50ECC93276}.Debug|Any CPU.Build.0 = Debug|Any CPU
		{FA4378C1-D0CA-4940-A223-4E50ECC93276}.Release|Any CPU.ActiveCfg = Release|Any CPU
		{FA4378C1-D0CA-4940-A223-4E50ECC93276}.Release|Any CPU.Build.0 = Release|Any CPU
	EndGlobalSection
	GlobalSection(SolutionProperties) = preSolution
		HideSolutionNode = FALSE
	EndGlobalSection
	GlobalSection(ExtensibilityGlobals) = postSolution
		SolutionGuid = {7634774E-14CA-47EE-A71F-85D9CC53F9B4}
	EndGlobalSection
EndGlobal
